# This file is autogenerated, do not edit; changes may be undone by the next 'dep ensure'.


[[projects]]
  name = "github.com/golang/protobuf"
  packages = ["proto"]
  revision = "aa810b61a9c79d51363740d207bb46cf8e620ed5"
  version = "v1.2.0"

[solve-meta]
  analyzer-name = "dep"
  analyzer-version = 1
  inputs-digest = "6efcf06b95b30020b8dc354164fc1ecb6f48a7dbba74ba75fab9d61c9e06af60"
  solver-name = "gps-cdcl"
  solver-version = 1
